
Microsoft Visual Studio Solution File, Format Version 10.00
# Visual Studio 2008
Project("{FAE04EC0-301F-11D3-BF4B-00C04F79EFBC}") = "NotifyIconWpf", "NotifyIconWpf\NotifyIconWpf.csproj", "{7AC63864-7638-41C4-969C-D3197EF2BED9}"
EndProject
Project("{FAE04EC0-301F-11D3-BF4B-00C04F79EFBC}") = "ConsoleApplication2", "ConsoleApplication2\ConsoleApplication2.csproj", "{A92D287A-6DD2-4D75-9CE5-64BFB990E2D8}"
EndProject
Project("{FAE04EC0-301F-11D3-BF4B-00C04F79EFBC}") = "ConsoleApplication1", "ConsoleApplication1\ConsoleApplication1.csproj", "{10BB9EF0-20F9-460E-96A3-284FF0D1C2E6}"
EndProject
Project("{FAE04EC0-301F-11D3-BF4B-00C04F79EFBC}") = "Sample Project", "Sample Project\Sample Project.csproj", "{71C74F29-F1C2-49C5-969F-C25AC4CDFCCC}"
EndProject
Global
	GlobalSection(SolutionConfigurationPlatforms) = preSolution
		Debug|Any CPU = Debug|Any CPU
		Release|Any CPU = Release|Any CPU
	EndGlobalSection
	GlobalSection(ProjectConfigurationPlatforms) = postSolution
		{7AC63864-7638-41C4-969C-D3197EF2BED9}.Debug|Any CPU.ActiveCfg = Debug|Any CPU
		{7AC63864-7638-41C4-969C-D3197EF2BED9}.Debug|Any CPU.Build.0 = Debug|Any CPU
		{7AC63864-7638-41C4-969C-D3197EF2BED9}.Release|Any CPU.ActiveCfg = Release|Any CPU
		{7AC63864-7638-41C4-969C-D3197EF2BED9}.Release|Any CPU.Build.0 = Release|Any CPU
		{A92D287A-6DD2-4D75-9CE5-64BFB990E2D8}.Debug|Any CPU.ActiveCfg = Debug|Any CPU
		{A92D287A-6DD2-4D75-9CE5-64BFB990E2D8}.Debug|Any CPU.Build.0 = Debug|Any CPU
		{A92D287A-6DD2-4D75-9CE5-64BFB990E2D8}.Release|Any CPU.ActiveCfg = Release|Any CPU
		{A92D287A-6DD2-4D75-9CE5-64BFB990E2D8}.Release|Any CPU.Build.0 = Release|Any CPU
		{10BB9EF0-20F9-460E-96A3-284FF0D1C2E6}.Debug|Any CPU.ActiveCfg = Debug|Any CPU
		{10BB9EF0-20F9-460E-96A3-284FF0D1C2E6}.Debug|Any CPU.Build.0 = Debug|Any CPU
		{10BB9EF0-20F9-460E-96A3-284FF0D1C2E6}.Release|Any CPU.ActiveCfg = Release|Any CPU
		{10BB9EF0-20F9-460E-96A3-284FF0D1C2E6}.Release|Any CPU.Build.0 = Release|Any CPU
		{71C74F29-F1C2-49C5-969F-C25AC4CDFCCC}.Debug|Any CPU.ActiveCfg = Debug|Any CPU
		{71C74F29-F1C2-49C5-969F-C25AC4CDFCCC}.Debug|Any CPU.Build.0 = Debug|Any CPU
		{71C74F29-F1C2-49C5-969F-C25AC4CDFCCC}.Release|Any CPU.ActiveCfg = Release|Any CPU
		{71C74F29-F1C2-49C5-969F-C25AC4CDFCCC}.Release|Any CPU.Build.0 = Release|Any CPU
	EndGlobalSection
	GlobalSection(SolutionProperties) = preSolution
		HideSolutionNode = FALSE
	EndGlobalSection
EndGlobal
